
Microsoft Visual Studio Solution File, Format Version 12.00
# Visual Studio Version 17
VisualStudioVersion = 17.8.34309.116
MinimumVisualStudioVersion = 10.0.40219.1
Project("{FAE04EC0-301F-11D3-BF4B-00C04F79EFBC}") = "Kalendarzyk4s", "Kalendarzyk4s\Kalendarzyk4s.csproj", "{45A60780-E692-497F-8729-6ED4421066DB}"
EndProject
Project("{2150E333-8FDC-42A3-9474-1A3956D46DE8}") = "Solution Items", "Solution Items", "{4B6FF10A-0D98-4E7B-B91F-7FB52211E85E}"
	ProjectSection(SolutionItems) = preProject
		PageNavigation_CheatSheet.txt = PageNavigation_CheatSheet.txt
		TODO.txt = TODO.txt
	EndProjectSection
EndProject
Global
	GlobalSection(SolutionConfigurationPlatforms) = preSolution
		Debug|Any CPU = Debug|Any CPU
		Release|Any CPU = Release|Any CPU
	EndGlobalSection
	GlobalSection(ProjectConfigurationPlatforms) = postSolution
		{45A60780-E692-497F-8729-6ED4421066DB}.Debug|Any CPU.ActiveCfg = Debug|Any CPU
		{45A60780-E692-497F-8729-6ED4421066DB}.Debug|Any CPU.Build.0 = Debug|Any CPU
		{45A60780-E692-497F-8729-6ED4421066DB}.Debug|Any CPU.Deploy.0 = Debug|Any CPU
		{45A60780-E692-497F-8729-6ED4421066DB}.Release|Any CPU.ActiveCfg = Release|Any CPU
		{45A60780-E692-497F-8729-6ED4421066DB}.Release|Any CPU.Build.0 = Release|Any CPU
		{45A60780-E692-497F-8729-6ED4421066DB}.Release|Any CPU.Deploy.0 = Release|Any CPU
	EndGlobalSection
	GlobalSection(SolutionProperties) = preSolution
		HideSolutionNode = FALSE
	EndGlobalSection
	GlobalSection(ExtensibilityGlobals) = postSolution
		SolutionGuid = {7D2EC216-75EA-4D19-84C4-353A80175FE1}
	EndGlobalSection
EndGlobal
